
Microsoft Visual Studio Solution File, Format Version 12.00
# Visual Studio Version 16
VisualStudioVersion = 16.0.31410.357
MinimumVisualStudioVersion = 10.0.40219.1
Project("{FAE04EC0-301F-11D3-BF4B-00C04F79EFBC}") = "Abstractions.DateAndTime", "Abstractions.DateAndTime\Abstractions.DateAndTime.csproj", "{B2AA4D07-C9B1-4D48-8782-3CE6D15A736A}"
EndProject
Project("{FAE04EC0-301F-11D3-BF4B-00C04F79EFBC}") = "Abstractions.DateAndTime.Tests", "Abstractions.DateAndTime.Tests\Abstractions.DateAndTime.Tests.csproj", "{7905CB89-8AAB-4A0E-BDDB-DA47B789149A}"
EndProject
Project("{FAE04EC0-301F-11D3-BF4B-00C04F79EFBC}") = "Abstractions.DateAndTime.ExampleApp", "Abstractions.DateAndTime.ExampleApp\Abstractions.DateAndTime.ExampleApp.csproj", "{15260632-E8C3-47F1-BE93-938BD61408D6}"
EndProject
Project("{FAE04EC0-301F-11D3-BF4B-00C04F79EFBC}") = "Abstractions.DateAndTime.ExampleApp.Tests", "Abstractions.DateAndTime.ExampleApp.Tests\Abstractions.DateAndTime.ExampleApp.Tests.csproj", "{3A7DF864-5FCE-4212-9555-CB5404BF189E}"
EndProject
Global
	GlobalSection(SolutionConfigurationPlatforms) = preSolution
		Debug|Any CPU = Debug|Any CPU
		Release|Any CPU = Release|Any CPU
	EndGlobalSection
	GlobalSection(ProjectConfigurationPlatforms) = postSolution
		{B2AA4D07-C9B1-4D48-8782-3CE6D15A736A}.Debug|Any CPU.ActiveCfg = Debug|Any CPU
		{B2AA4D07-C9B1-4D48-8782-3CE6D15A736A}.Debug|Any CPU.Build.0 = Debug|Any CPU
		{B2AA4D07-C9B1-4D48-8782-3CE6D15A736A}.Release|Any CPU.ActiveCfg = Release|Any CPU
		{B2AA4D07-C9B1-4D48-8782-3CE6D15A736A}.Release|Any CPU.Build.0 = Release|Any CPU
		{7905CB89-8AAB-4A0E-BDDB-DA47B789149A}.Debug|Any CPU.ActiveCfg = Debug|Any CPU
		{7905CB89-8AAB-4A0E-BDDB-DA47B789149A}.Debug|Any CPU.Build.0 = Debug|Any CPU
		{7905CB89-8AAB-4A0E-BDDB-DA47B789149A}.Release|Any CPU.ActiveCfg = Release|Any CPU
		{7905CB89-8AAB-4A0E-BDDB-DA47B789149A}.Release|Any CPU.Build.0 = Release|Any CPU
		{15260632-E8C3-47F1-BE93-938BD61408D6}.Debug|Any CPU.ActiveCfg = Debug|Any CPU
		{15260632-E8C3-47F1-BE93-938BD61408D6}.Debug|Any CPU.Build.0 = Debug|Any CPU
		{15260632-E8C3-47F1-BE93-938BD61408D6}.Release|Any CPU.ActiveCfg = Release|Any CPU
		{15260632-E8C3-47F1-BE93-938BD61408D6}.Release|Any CPU.Build.0 = Release|Any CPU
		{3A7DF864-5FCE-4212-9555-CB5404BF189E}.Debug|Any CPU.ActiveCfg = Debug|Any CPU
		{3A7DF864-5FCE-4212-9555-CB5404BF189E}.Debug|Any CPU.Build.0 = Debug|Any CPU
		{3A7DF864-5FCE-4212-9555-CB5404BF189E}.Release|Any CPU.ActiveCfg = Release|Any CPU
		{3A7DF864-5FCE-4212-9555-CB5404BF189E}.Release|Any CPU.Build.0 = Release|Any CPU
	EndGlobalSection
	GlobalSection(SolutionProperties) = preSolution
		HideSolutionNode = FALSE
	EndGlobalSection
	GlobalSection(ExtensibilityGlobals) = postSolution
		SolutionGuid = {2448CC4A-70E4-4684-9A1B-9C76D818C059}
	EndGlobalSection
EndGlobal
